
Microsoft Visual Studio Solution File, Format Version 12.00
# Visual Studio Version 16
VisualStudioVersion = 16.0.30611.23
MinimumVisualStudioVersion = 10.0.40219.1
Project("{FAE04EC0-301F-11D3-BF4B-00C04F79EFBC}") = "PresentationLayer", "PresentationLayer\PresentationLayer.csproj", "{84B3064D-D45A-4347-BD44-BF035320FC18}"
EndProject
Project("{FAE04EC0-301F-11D3-BF4B-00C04F79EFBC}") = "DataAccesLayer", "DataAccesLayer\DataAccesLayer.csproj", "{1A2C8E8B-ABEF-4A8A-A92D-160D7287120E}"
EndProject
Project("{FAE04EC0-301F-11D3-BF4B-00C04F79EFBC}") = "BusinessLayer", "BusinessLayer\BusinessLayer.csproj", "{4E6C1AE5-BC33-45D3-8FAF-C2716D9ECA14}"
EndProject
Global
	GlobalSection(SolutionConfigurationPlatforms) = preSolution
		Debug|Any CPU = Debug|Any CPU
		Release|Any CPU = Release|Any CPU
	EndGlobalSection
	GlobalSection(ProjectConfigurationPlatforms) = postSolution
		{84B3064D-D45A-4347-BD44-BF035320FC18}.Debug|Any CPU.ActiveCfg = Debug|Any CPU
		{84B3064D-D45A-4347-BD44-BF035320FC18}.Debug|Any CPU.Build.0 = Debug|Any CPU
		{84B3064D-D45A-4347-BD44-BF035320FC18}.Release|Any CPU.ActiveCfg = Release|Any CPU
		{84B3064D-D45A-4347-BD44-BF035320FC18}.Release|Any CPU.Build.0 = Release|Any CPU
		{1A2C8E8B-ABEF-4A8A-A92D-160D7287120E}.Debug|Any CPU.ActiveCfg = Debug|Any CPU
		{1A2C8E8B-ABEF-4A8A-A92D-160D7287120E}.Debug|Any CPU.Build.0 = Debug|Any CPU
		{1A2C8E8B-ABEF-4A8A-A92D-160D7287120E}.Release|Any CPU.ActiveCfg = Release|Any CPU
		{1A2C8E8B-ABEF-4A8A-A92D-160D7287120E}.Release|Any CPU.Build.0 = Release|Any CPU
		{4E6C1AE5-BC33-45D3-8FAF-C2716D9ECA14}.Debug|Any CPU.ActiveCfg = Debug|Any CPU
		{4E6C1AE5-BC33-45D3-8FAF-C2716D9ECA14}.Debug|Any CPU.Build.0 = Debug|Any CPU
		{4E6C1AE5-BC33-45D3-8FAF-C2716D9ECA14}.Release|Any CPU.ActiveCfg = Release|Any CPU
		{4E6C1AE5-BC33-45D3-8FAF-C2716D9ECA14}.Release|Any CPU.Build.0 = Release|Any CPU
	EndGlobalSection
	GlobalSection(SolutionProperties) = preSolution
		HideSolutionNode = FALSE
	EndGlobalSection
	GlobalSection(ExtensibilityGlobals) = postSolution
		SolutionGuid = {E0727751-1693-44D4-AA5C-E427A0960380}
	EndGlobalSection
EndGlobal
